
Microsoft Visual Studio Solution File, Format Version 12.00
# Visual Studio Version 17
VisualStudioVersion = 17.8.34511.84
MinimumVisualStudioVersion = 10.0.40219.1
Project("{FAE04EC0-301F-11D3-BF4B-00C04F79EFBC}") = "Ap01", "Ap01\Ap01.csproj", "{4DE84727-958E-4486-80D4-54C489BD5221}"
EndProject
Project("{FAE04EC0-301F-11D3-BF4B-00C04F79EFBC}") = "Ap02", "Ap02\Ap02.csproj", "{24D8C451-57AB-4E4D-8241-D86ED915DF89}"
EndProject
Project("{FAE04EC0-301F-11D3-BF4B-00C04F79EFBC}") = "Ap03", "Ap03\Ap03.csproj", "{A5B2A94B-3577-4DE2-AC50-558099001B5D}"
EndProject
Project("{FAE04EC0-301F-11D3-BF4B-00C04F79EFBC}") = "Ap04", "Ap04\Ap04.csproj", "{2C782062-F1B5-447C-A5AB-F5F7D78CE127}"
EndProject
Project("{FAE04EC0-301F-11D3-BF4B-00C04F79EFBC}") = "Ap05", "Ap05\Ap05.csproj", "{1ECDD3D8-1654-470F-B731-31CCE7FA13F1}"
EndProject
Project("{FAE04EC0-301F-11D3-BF4B-00C04F79EFBC}") = "Ap06", "Ap06\Ap06.csproj", "{9759F7D1-7174-40DD-95EB-39E59E2A1CD2}"
EndProject
Project("{FAE04EC0-301F-11D3-BF4B-00C04F79EFBC}") = "Ap07", "Ap07\Ap07.csproj", "{14B76676-5BF7-4A67-A31D-6E7A447A9012}"
EndProject
Global
	GlobalSection(SolutionConfigurationPlatforms) = preSolution
		Debug|Any CPU = Debug|Any CPU
		Release|Any CPU = Release|Any CPU
	EndGlobalSection
	GlobalSection(ProjectConfigurationPlatforms) = postSolution
		{4DE84727-958E-4486-80D4-54C489BD5221}.Debug|Any CPU.ActiveCfg = Debug|Any CPU
		{4DE84727-958E-4486-80D4-54C489BD5221}.Debug|Any CPU.Build.0 = Debug|Any CPU
		{4DE84727-958E-4486-80D4-54C489BD5221}.Release|Any CPU.ActiveCfg = Release|Any CPU
		{4DE84727-958E-4486-80D4-54C489BD5221}.Release|Any CPU.Build.0 = Release|Any CPU
		{24D8C451-57AB-4E4D-8241-D86ED915DF89}.Debug|Any CPU.ActiveCfg = Debug|Any CPU
		{24D8C451-57AB-4E4D-8241-D86ED915DF89}.Debug|Any CPU.Build.0 = Debug|Any CPU
		{24D8C451-57AB-4E4D-8241-D86ED915DF89}.Release|Any CPU.ActiveCfg = Release|Any CPU
		{24D8C451-57AB-4E4D-8241-D86ED915DF89}.Release|Any CPU.Build.0 = Release|Any CPU
		{A5B2A94B-3577-4DE2-AC50-558099001B5D}.Debug|Any CPU.ActiveCfg = Debug|Any CPU
		{A5B2A94B-3577-4DE2-AC50-558099001B5D}.Debug|Any CPU.Build.0 = Debug|Any CPU
		{A5B2A94B-3577-4DE2-AC50-558099001B5D}.Release|Any CPU.ActiveCfg = Release|Any CPU
		{A5B2A94B-3577-4DE2-AC50-558099001B5D}.Release|Any CPU.Build.0 = Release|Any CPU
		{2C782062-F1B5-447C-A5AB-F5F7D78CE127}.Debug|Any CPU.ActiveCfg = Debug|Any CPU
		{2C782062-F1B5-447C-A5AB-F5F7D78CE127}.Debug|Any CPU.Build.0 = Debug|Any CPU
		{2C782062-F1B5-447C-A5AB-F5F7D78CE127}.Release|Any CPU.ActiveCfg = Release|Any CPU
		{2C782062-F1B5-447C-A5AB-F5F7D78CE127}.Release|Any CPU.Build.0 = Release|Any CPU
		{1ECDD3D8-1654-470F-B731-31CCE7FA13F1}.Debug|Any CPU.ActiveCfg = Debug|Any CPU
		{1ECDD3D8-1654-470F-B731-31CCE7FA13F1}.Debug|Any CPU.Build.0 = Debug|Any CPU
		{1ECDD3D8-1654-470F-B731-31CCE7FA13F1}.Release|Any CPU.ActiveCfg = Release|Any CPU
		{1ECDD3D8-1654-470F-B731-31CCE7FA13F1}.Release|Any CPU.Build.0 = Release|Any CPU
		{9759F7D1-7174-40DD-95EB-39E59E2A1CD2}.Debug|Any CPU.ActiveCfg = Debug|Any CPU
		{9759F7D1-7174-40DD-95EB-39E59E2A1CD2}.Debug|Any CPU.Build.0 = Debug|Any CPU
		{9759F7D1-7174-40DD-95EB-39E59E2A1CD2}.Release|Any CPU.ActiveCfg = Release|Any CPU
		{9759F7D1-7174-40DD-95EB-39E59E2A1CD2}.Release|Any CPU.Build.0 = Release|Any CPU
		{14B76676-5BF7-4A67-A31D-6E7A447A9012}.Debug|Any CPU.ActiveCfg = Debug|Any CPU
		{14B76676-5BF7-4A67-A31D-6E7A447A9012}.Debug|Any CPU.Build.0 = Debug|Any CPU
		{14B76676-5BF7-4A67-A31D-6E7A447A9012}.Release|Any CPU.ActiveCfg = Release|Any CPU
		{14B76676-5BF7-4A67-A31D-6E7A447A9012}.Release|Any CPU.Build.0 = Release|Any CPU
	EndGlobalSection
	GlobalSection(SolutionProperties) = preSolution
		HideSolutionNode = FALSE
	EndGlobalSection
	GlobalSection(ExtensibilityGlobals) = postSolution
		SolutionGuid = {9B7A0DAC-F219-4BED-9264-81991730DB41}
	EndGlobalSection
EndGlobal
