
Microsoft Visual Studio Solution File, Format Version 12.00
# Visual Studio Version 17
VisualStudioVersion = 17.8.34511.84
MinimumVisualStudioVersion = 10.0.40219.1
Project("{FAE04EC0-301F-11D3-BF4B-00C04F79EFBC}") = "Ap01", "Ap01\Ap01.csproj", "{4DE84727-958E-4486-80D4-54C489BD5221}"
EndProject
Project("{FAE04EC0-301F-11D3-BF4B-00C04F79EFBC}") = "Ap02", "Ap02\Ap02.csproj", "{24D8C451-57AB-4E4D-8241-D86ED915DF89}"
EndProject
Project("{FAE04EC0-301F-11D3-BF4B-00C04F79EFBC}") = "Ap03", "Ap03\Ap03.csproj", "{A5B2A94B-3577-4DE2-AC50-558099001B5D}"
EndProject
Project("{FAE04EC0-301F-11D3-BF4B-00C04F79EFBC}") = "Ap04", "Ap04\Ap04.csproj", "{2C782062-F1B5-447C-A5AB-F5F7D78CE127}"
EndProject
Project("{FAE04EC0-301F-11D3-BF4B-00C04F79EFBC}") = "Ap05", "Ap05\Ap05.csproj", "{1ECDD3D8-1654-470F-B731-31CCE7FA13F1}"
EndProject
Project("{FAE04EC0-301F-11D3-BF4B-00C04F79EFBC}") = "Ap06", "Ap06\Ap06.csproj", "{9759F7D1-7174-40DD-95EB-39E59E2A1CD2}"
EndProject
Project("{FAE04EC0-301F-11D3-BF4B-00C04F79EFBC}") = "Ap07", "Ap07\Ap07.csproj", "{14B76676-5BF7-4A67-A31D-6E7A447A9012}"
EndProject
Project("{FAE04EC0-301F-11D3-BF4B-00C04F79EFBC}") = "Ap08", "Ap08\Ap08.csproj", "{94DA72E2-8EBE-4294-A96A-0B8C47524D8C}"
EndProject
Project("{FAE04EC0-301F-11D3-BF4B-00C04F79EFBC}") = "Ap09", "Ap09\Ap09.csproj", "{8E2DCB9B-8E09-48EE-8CBF-F641B6B7E253}"
EndProject
Project("{FAE04EC0-301F-11D3-BF4B-00C04F79EFBC}") = "Ap10", "Ap10\Ap10.csproj", "{4DA989C1-74AF-40BD-89DA-2D214DFE848D}"
EndProject
Project("{FAE04EC0-301F-11D3-BF4B-00C04F79EFBC}") = "Ap11", "Ap11\Ap11.csproj", "{B1E92A34-1C5E-4733-A43F-33FDC09245DA}"
EndProject
Project("{FAE04EC0-301F-11D3-BF4B-00C04F79EFBC}") = "Ap12", "Ap12\Ap12.csproj", "{D2AB5254-433D-4769-A5ED-47ABB28FB681}"
EndProject
Project("{FAE04EC0-301F-11D3-BF4B-00C04F79EFBC}") = "Ap13", "Ap13\Ap13.csproj", "{C973058F-F9F9-41E8-ADAF-19AEA867F0DB}"
EndProject
Project("{FAE04EC0-301F-11D3-BF4B-00C04F79EFBC}") = "Ap14", "Ap14\Ap14.csproj", "{395E4C1A-22DE-42C9-A186-4C8B14497693}"
EndProject
Project("{FAE04EC0-301F-11D3-BF4B-00C04F79EFBC}") = "Ap15", "Ap15\Ap15.csproj", "{6BF1CB3A-6371-4BF0-8AB3-51AD0A6B2173}"
EndProject
Project("{FAE04EC0-301F-11D3-BF4B-00C04F79EFBC}") = "Ap16", "Ap16\Ap16.csproj", "{980862FE-D635-46E1-B73A-60A1A95E002F}"
EndProject
Project("{FAE04EC0-301F-11D3-BF4B-00C04F79EFBC}") = "Ap17", "Ap17\Ap17.csproj", "{92295729-0817-45A1-8ABF-A1E5502EE59D}"
EndProject
Global
	GlobalSection(SolutionConfigurationPlatforms) = preSolution
		Debug|Any CPU = Debug|Any CPU
		Release|Any CPU = Release|Any CPU
	EndGlobalSection
	GlobalSection(ProjectConfigurationPlatforms) = postSolution
		{4DE84727-958E-4486-80D4-54C489BD5221}.Debug|Any CPU.ActiveCfg = Debug|Any CPU
		{4DE84727-958E-4486-80D4-54C489BD5221}.Debug|Any CPU.Build.0 = Debug|Any CPU
		{4DE84727-958E-4486-80D4-54C489BD5221}.Release|Any CPU.ActiveCfg = Release|Any CPU
		{4DE84727-958E-4486-80D4-54C489BD5221}.Release|Any CPU.Build.0 = Release|Any CPU
		{24D8C451-57AB-4E4D-8241-D86ED915DF89}.Debug|Any CPU.ActiveCfg = Debug|Any CPU
		{24D8C451-57AB-4E4D-8241-D86ED915DF89}.Debug|Any CPU.Build.0 = Debug|Any CPU
		{24D8C451-57AB-4E4D-8241-D86ED915DF89}.Release|Any CPU.ActiveCfg = Release|Any CPU
		{24D8C451-57AB-4E4D-8241-D86ED915DF89}.Release|Any CPU.Build.0 = Release|Any CPU
		{A5B2A94B-3577-4DE2-AC50-558099001B5D}.Debug|Any CPU.ActiveCfg = Debug|Any CPU
		{A5B2A94B-3577-4DE2-AC50-558099001B5D}.Debug|Any CPU.Build.0 = Debug|Any CPU
		{A5B2A94B-3577-4DE2-AC50-558099001B5D}.Release|Any CPU.ActiveCfg = Release|Any CPU
		{A5B2A94B-3577-4DE2-AC50-558099001B5D}.Release|Any CPU.Build.0 = Release|Any CPU
		{2C782062-F1B5-447C-A5AB-F5F7D78CE127}.Debug|Any CPU.ActiveCfg = Debug|Any CPU
		{2C782062-F1B5-447C-A5AB-F5F7D78CE127}.Debug|Any CPU.Build.0 = Debug|Any CPU
		{2C782062-F1B5-447C-A5AB-F5F7D78CE127}.Release|Any CPU.ActiveCfg = Release|Any CPU
		{2C782062-F1B5-447C-A5AB-F5F7D78CE127}.Release|Any CPU.Build.0 = Release|Any CPU
		{1ECDD3D8-1654-470F-B731-31CCE7FA13F1}.Debug|Any CPU.ActiveCfg = Debug|Any CPU
		{1ECDD3D8-1654-470F-B731-31CCE7FA13F1}.Debug|Any CPU.Build.0 = Debug|Any CPU
		{1ECDD3D8-1654-470F-B731-31CCE7FA13F1}.Release|Any CPU.ActiveCfg = Release|Any CPU
		{1ECDD3D8-1654-470F-B731-31CCE7FA13F1}.Release|Any CPU.Build.0 = Release|Any CPU
		{9759F7D1-7174-40DD-95EB-39E59E2A1CD2}.Debug|Any CPU.ActiveCfg = Debug|Any CPU
		{9759F7D1-7174-40DD-95EB-39E59E2A1CD2}.Debug|Any CPU.Build.0 = Debug|Any CPU
		{9759F7D1-7174-40DD-95EB-39E59E2A1CD2}.Release|Any CPU.ActiveCfg = Release|Any CPU
		{9759F7D1-7174-40DD-95EB-39E59E2A1CD2}.Release|Any CPU.Build.0 = Release|Any CPU
		{14B76676-5BF7-4A67-A31D-6E7A447A9012}.Debug|Any CPU.ActiveCfg = Debug|Any CPU
		{14B76676-5BF7-4A67-A31D-6E7A447A9012}.Debug|Any CPU.Build.0 = Debug|Any CPU
		{14B76676-5BF7-4A67-A31D-6E7A447A9012}.Release|Any CPU.ActiveCfg = Release|Any CPU
		{14B76676-5BF7-4A67-A31D-6E7A447A9012}.Release|Any CPU.Build.0 = Release|Any CPU
		{94DA72E2-8EBE-4294-A96A-0B8C47524D8C}.Debug|Any CPU.ActiveCfg = Debug|Any CPU
		{94DA72E2-8EBE-4294-A96A-0B8C47524D8C}.Debug|Any CPU.Build.0 = Debug|Any CPU
		{94DA72E2-8EBE-4294-A96A-0B8C47524D8C}.Release|Any CPU.ActiveCfg = Release|Any CPU
		{94DA72E2-8EBE-4294-A96A-0B8C47524D8C}.Release|Any CPU.Build.0 = Release|Any CPU
		{8E2DCB9B-8E09-48EE-8CBF-F641B6B7E253}.Debug|Any CPU.ActiveCfg = Debug|Any CPU
		{8E2DCB9B-8E09-48EE-8CBF-F641B6B7E253}.Debug|Any CPU.Build.0 = Debug|Any CPU
		{8E2DCB9B-8E09-48EE-8CBF-F641B6B7E253}.Release|Any CPU.ActiveCfg = Release|Any CPU
		{8E2DCB9B-8E09-48EE-8CBF-F641B6B7E253}.Release|Any CPU.Build.0 = Release|Any CPU
		{4DA989C1-74AF-40BD-89DA-2D214DFE848D}.Debug|Any CPU.ActiveCfg = Debug|Any CPU
		{4DA989C1-74AF-40BD-89DA-2D214DFE848D}.Debug|Any CPU.Build.0 = Debug|Any CPU
		{4DA989C1-74AF-40BD-89DA-2D214DFE848D}.Release|Any CPU.ActiveCfg = Release|Any CPU
		{4DA989C1-74AF-40BD-89DA-2D214DFE848D}.Release|Any CPU.Build.0 = Release|Any CPU
		{B1E92A34-1C5E-4733-A43F-33FDC09245DA}.Debug|Any CPU.ActiveCfg = Debug|Any CPU
		{B1E92A34-1C5E-4733-A43F-33FDC09245DA}.Debug|Any CPU.Build.0 = Debug|Any CPU
		{B1E92A34-1C5E-4733-A43F-33FDC09245DA}.Release|Any CPU.ActiveCfg = Release|Any CPU
		{B1E92A34-1C5E-4733-A43F-33FDC09245DA}.Release|Any CPU.Build.0 = Release|Any CPU
		{D2AB5254-433D-4769-A5ED-47ABB28FB681}.Debug|Any CPU.ActiveCfg = Debug|Any CPU
		{D2AB5254-433D-4769-A5ED-47ABB28FB681}.Debug|Any CPU.Build.0 = Debug|Any CPU
		{D2AB5254-433D-4769-A5ED-47ABB28FB681}.Release|Any CPU.ActiveCfg = Release|Any CPU
		{D2AB5254-433D-4769-A5ED-47ABB28FB681}.Release|Any CPU.Build.0 = Release|Any CPU
		{C973058F-F9F9-41E8-ADAF-19AEA867F0DB}.Debug|Any CPU.ActiveCfg = Debug|Any CPU
		{C973058F-F9F9-41E8-ADAF-19AEA867F0DB}.Debug|Any CPU.Build.0 = Debug|Any CPU
		{C973058F-F9F9-41E8-ADAF-19AEA867F0DB}.Release|Any CPU.ActiveCfg = Release|Any CPU
		{C973058F-F9F9-41E8-ADAF-19AEA867F0DB}.Release|Any CPU.Build.0 = Release|Any CPU
		{395E4C1A-22DE-42C9-A186-4C8B14497693}.Debug|Any CPU.ActiveCfg = Debug|Any CPU
		{395E4C1A-22DE-42C9-A186-4C8B14497693}.Debug|Any CPU.Build.0 = Debug|Any CPU
		{395E4C1A-22DE-42C9-A186-4C8B14497693}.Release|Any CPU.ActiveCfg = Release|Any CPU
		{395E4C1A-22DE-42C9-A186-4C8B14497693}.Release|Any CPU.Build.0 = Release|Any CPU
		{6BF1CB3A-6371-4BF0-8AB3-51AD0A6B2173}.Debug|Any CPU.ActiveCfg = Debug|Any CPU
		{6BF1CB3A-6371-4BF0-8AB3-51AD0A6B2173}.Debug|Any CPU.Build.0 = Debug|Any CPU
		{6BF1CB3A-6371-4BF0-8AB3-51AD0A6B2173}.Release|Any CPU.ActiveCfg = Release|Any CPU
		{6BF1CB3A-6371-4BF0-8AB3-51AD0A6B2173}.Release|Any CPU.Build.0 = Release|Any CPU
		{980862FE-D635-46E1-B73A-60A1A95E002F}.Debug|Any CPU.ActiveCfg = Debug|Any CPU
		{980862FE-D635-46E1-B73A-60A1A95E002F}.Debug|Any CPU.Build.0 = Debug|Any CPU
		{980862FE-D635-46E1-B73A-60A1A95E002F}.Release|Any CPU.ActiveCfg = Release|Any CPU
		{980862FE-D635-46E1-B73A-60A1A95E002F}.Release|Any CPU.Build.0 = Release|Any CPU
		{92295729-0817-45A1-8ABF-A1E5502EE59D}.Debug|Any CPU.ActiveCfg = Debug|Any CPU
		{92295729-0817-45A1-8ABF-A1E5502EE59D}.Debug|Any CPU.Build.0 = Debug|Any CPU
		{92295729-0817-45A1-8ABF-A1E5502EE59D}.Release|Any CPU.ActiveCfg = Release|Any CPU
		{92295729-0817-45A1-8ABF-A1E5502EE59D}.Release|Any CPU.Build.0 = Release|Any CPU
	EndGlobalSection
	GlobalSection(SolutionProperties) = preSolution
		HideSolutionNode = FALSE
	EndGlobalSection
	GlobalSection(ExtensibilityGlobals) = postSolution
		SolutionGuid = {9B7A0DAC-F219-4BED-9264-81991730DB41}
	EndGlobalSection
EndGlobal
