
Microsoft Visual Studio Solution File, Format Version 12.00
# Visual Studio Version 17
VisualStudioVersion = 17.8.34511.84
MinimumVisualStudioVersion = 10.0.40219.1
Project("{9A19103F-16F7-4668-BE54-9A1E7A4F7556}") = "Ap01", "Ap01\Ap01.csproj", "{D51CD53F-022E-4317-BF10-33AB9D8DE399}"
EndProject
Project("{9A19103F-16F7-4668-BE54-9A1E7A4F7556}") = "Ap02", "Ap02\Ap02.csproj", "{EAF9C30E-65EB-4569-9D91-7D55B69EBE17}"
EndProject
Project("{FAE04EC0-301F-11D3-BF4B-00C04F79EFBC}") = "Ap03", "Ap03\Ap03.csproj", "{09C740E2-CCDC-4F25-A85A-77977118B6FD}"
EndProject
Project("{FAE04EC0-301F-11D3-BF4B-00C04F79EFBC}") = "Ap04", "Ap04\Ap04.csproj", "{29C55A76-4148-4F03-AAE6-309E31B06333}"
EndProject
Project("{FAE04EC0-301F-11D3-BF4B-00C04F79EFBC}") = "Ap05", "Ap05\Ap05.csproj", "{0248A9F0-8C48-4DB7-8EE1-192682C335EA}"
EndProject
Project("{FAE04EC0-301F-11D3-BF4B-00C04F79EFBC}") = "Ap06", "Ap06\Ap06.csproj", "{9572CECF-857D-4D79-AD24-00C6E688EF1C}"
EndProject
Project("{FAE04EC0-301F-11D3-BF4B-00C04F79EFBC}") = "Ap07", "Ap07\Ap07.csproj", "{DAD28CC3-5FEB-4FFE-8E67-2444250FF79A}"
EndProject
Project("{FAE04EC0-301F-11D3-BF4B-00C04F79EFBC}") = "Ap08", "Ap08\Ap08.csproj", "{7158F62E-E4E5-4E2F-936E-69F69C7EED89}"
EndProject
Project("{FAE04EC0-301F-11D3-BF4B-00C04F79EFBC}") = "Ap09", "Ap09\Ap09.csproj", "{8E5E9722-BA90-4012-BF75-9119EEFD04BB}"
EndProject
Project("{FAE04EC0-301F-11D3-BF4B-00C04F79EFBC}") = "Ap10", "Ap10\Ap10.csproj", "{65AEA4AF-10DC-44BF-BEEC-D56E18623175}"
EndProject
Global
	GlobalSection(SolutionConfigurationPlatforms) = preSolution
		Debug|Any CPU = Debug|Any CPU
		Release|Any CPU = Release|Any CPU
	EndGlobalSection
	GlobalSection(ProjectConfigurationPlatforms) = postSolution
		{D51CD53F-022E-4317-BF10-33AB9D8DE399}.Debug|Any CPU.ActiveCfg = Debug|Any CPU
		{D51CD53F-022E-4317-BF10-33AB9D8DE399}.Debug|Any CPU.Build.0 = Debug|Any CPU
		{D51CD53F-022E-4317-BF10-33AB9D8DE399}.Release|Any CPU.ActiveCfg = Release|Any CPU
		{D51CD53F-022E-4317-BF10-33AB9D8DE399}.Release|Any CPU.Build.0 = Release|Any CPU
		{EAF9C30E-65EB-4569-9D91-7D55B69EBE17}.Debug|Any CPU.ActiveCfg = Debug|Any CPU
		{EAF9C30E-65EB-4569-9D91-7D55B69EBE17}.Debug|Any CPU.Build.0 = Debug|Any CPU
		{EAF9C30E-65EB-4569-9D91-7D55B69EBE17}.Release|Any CPU.ActiveCfg = Release|Any CPU
		{EAF9C30E-65EB-4569-9D91-7D55B69EBE17}.Release|Any CPU.Build.0 = Release|Any CPU
		{09C740E2-CCDC-4F25-A85A-77977118B6FD}.Debug|Any CPU.ActiveCfg = Debug|Any CPU
		{09C740E2-CCDC-4F25-A85A-77977118B6FD}.Debug|Any CPU.Build.0 = Debug|Any CPU
		{09C740E2-CCDC-4F25-A85A-77977118B6FD}.Release|Any CPU.ActiveCfg = Release|Any CPU
		{09C740E2-CCDC-4F25-A85A-77977118B6FD}.Release|Any CPU.Build.0 = Release|Any CPU
		{29C55A76-4148-4F03-AAE6-309E31B06333}.Debug|Any CPU.ActiveCfg = Debug|Any CPU
		{29C55A76-4148-4F03-AAE6-309E31B06333}.Debug|Any CPU.Build.0 = Debug|Any CPU
		{29C55A76-4148-4F03-AAE6-309E31B06333}.Release|Any CPU.ActiveCfg = Release|Any CPU
		{29C55A76-4148-4F03-AAE6-309E31B06333}.Release|Any CPU.Build.0 = Release|Any CPU
		{0248A9F0-8C48-4DB7-8EE1-192682C335EA}.Debug|Any CPU.ActiveCfg = Debug|Any CPU
		{0248A9F0-8C48-4DB7-8EE1-192682C335EA}.Debug|Any CPU.Build.0 = Debug|Any CPU
		{0248A9F0-8C48-4DB7-8EE1-192682C335EA}.Release|Any CPU.ActiveCfg = Release|Any CPU
		{0248A9F0-8C48-4DB7-8EE1-192682C335EA}.Release|Any CPU.Build.0 = Release|Any CPU
		{9572CECF-857D-4D79-AD24-00C6E688EF1C}.Debug|Any CPU.ActiveCfg = Debug|Any CPU
		{9572CECF-857D-4D79-AD24-00C6E688EF1C}.Debug|Any CPU.Build.0 = Debug|Any CPU
		{9572CECF-857D-4D79-AD24-00C6E688EF1C}.Release|Any CPU.ActiveCfg = Release|Any CPU
		{9572CECF-857D-4D79-AD24-00C6E688EF1C}.Release|Any CPU.Build.0 = Release|Any CPU
		{DAD28CC3-5FEB-4FFE-8E67-2444250FF79A}.Debug|Any CPU.ActiveCfg = Debug|Any CPU
		{DAD28CC3-5FEB-4FFE-8E67-2444250FF79A}.Debug|Any CPU.Build.0 = Debug|Any CPU
		{DAD28CC3-5FEB-4FFE-8E67-2444250FF79A}.Release|Any CPU.ActiveCfg = Release|Any CPU
		{DAD28CC3-5FEB-4FFE-8E67-2444250FF79A}.Release|Any CPU.Build.0 = Release|Any CPU
		{7158F62E-E4E5-4E2F-936E-69F69C7EED89}.Debug|Any CPU.ActiveCfg = Debug|Any CPU
		{7158F62E-E4E5-4E2F-936E-69F69C7EED89}.Debug|Any CPU.Build.0 = Debug|Any CPU
		{7158F62E-E4E5-4E2F-936E-69F69C7EED89}.Release|Any CPU.ActiveCfg = Release|Any CPU
		{7158F62E-E4E5-4E2F-936E-69F69C7EED89}.Release|Any CPU.Build.0 = Release|Any CPU
		{8E5E9722-BA90-4012-BF75-9119EEFD04BB}.Debug|Any CPU.ActiveCfg = Debug|Any CPU
		{8E5E9722-BA90-4012-BF75-9119EEFD04BB}.Debug|Any CPU.Build.0 = Debug|Any CPU
		{8E5E9722-BA90-4012-BF75-9119EEFD04BB}.Release|Any CPU.ActiveCfg = Release|Any CPU
		{8E5E9722-BA90-4012-BF75-9119EEFD04BB}.Release|Any CPU.Build.0 = Release|Any CPU
		{65AEA4AF-10DC-44BF-BEEC-D56E18623175}.Debug|Any CPU.ActiveCfg = Debug|Any CPU
		{65AEA4AF-10DC-44BF-BEEC-D56E18623175}.Debug|Any CPU.Build.0 = Debug|Any CPU
		{65AEA4AF-10DC-44BF-BEEC-D56E18623175}.Release|Any CPU.ActiveCfg = Release|Any CPU
		{65AEA4AF-10DC-44BF-BEEC-D56E18623175}.Release|Any CPU.Build.0 = Release|Any CPU
	EndGlobalSection
	GlobalSection(SolutionProperties) = preSolution
		HideSolutionNode = FALSE
	EndGlobalSection
	GlobalSection(ExtensibilityGlobals) = postSolution
		SolutionGuid = {61F31573-8CA6-4F5D-BA1A-A5F70E2A3380}
	EndGlobalSection
EndGlobal
