
Microsoft Visual Studio Solution File, Format Version 12.00
# Visual Studio Version 17
VisualStudioVersion = 17.8.34511.84
MinimumVisualStudioVersion = 10.0.40219.1
Project("{FAE04EC0-301F-11D3-BF4B-00C04F79EFBC}") = "Ap01", "Ap01\Ap01.csproj", "{14146C3A-15C1-4A28-BC41-0D4D68A6EA37}"
EndProject
Project("{FAE04EC0-301F-11D3-BF4B-00C04F79EFBC}") = "Ap02", "Ap02\Ap02.csproj", "{CD59C175-11BB-4186-A3E8-95C2FA7234FF}"
EndProject
Project("{FAE04EC0-301F-11D3-BF4B-00C04F79EFBC}") = "Ap03", "Ap03\Ap03.csproj", "{4215AE47-F792-4F69-96A8-63B63DE35D72}"
EndProject
Project("{FAE04EC0-301F-11D3-BF4B-00C04F79EFBC}") = "Ap04", "Ap04\Ap04.csproj", "{0953C50F-0762-4B74-8140-8F1AE3DFE2A8}"
EndProject
Global
	GlobalSection(SolutionConfigurationPlatforms) = preSolution
		Debug|Any CPU = Debug|Any CPU
		Release|Any CPU = Release|Any CPU
	EndGlobalSection
	GlobalSection(ProjectConfigurationPlatforms) = postSolution
		{14146C3A-15C1-4A28-BC41-0D4D68A6EA37}.Debug|Any CPU.ActiveCfg = Debug|Any CPU
		{14146C3A-15C1-4A28-BC41-0D4D68A6EA37}.Debug|Any CPU.Build.0 = Debug|Any CPU
		{14146C3A-15C1-4A28-BC41-0D4D68A6EA37}.Release|Any CPU.ActiveCfg = Release|Any CPU
		{14146C3A-15C1-4A28-BC41-0D4D68A6EA37}.Release|Any CPU.Build.0 = Release|Any CPU
		{CD59C175-11BB-4186-A3E8-95C2FA7234FF}.Debug|Any CPU.ActiveCfg = Debug|Any CPU
		{CD59C175-11BB-4186-A3E8-95C2FA7234FF}.Debug|Any CPU.Build.0 = Debug|Any CPU
		{CD59C175-11BB-4186-A3E8-95C2FA7234FF}.Release|Any CPU.ActiveCfg = Release|Any CPU
		{CD59C175-11BB-4186-A3E8-95C2FA7234FF}.Release|Any CPU.Build.0 = Release|Any CPU
		{4215AE47-F792-4F69-96A8-63B63DE35D72}.Debug|Any CPU.ActiveCfg = Debug|Any CPU
		{4215AE47-F792-4F69-96A8-63B63DE35D72}.Debug|Any CPU.Build.0 = Debug|Any CPU
		{4215AE47-F792-4F69-96A8-63B63DE35D72}.Release|Any CPU.ActiveCfg = Release|Any CPU
		{4215AE47-F792-4F69-96A8-63B63DE35D72}.Release|Any CPU.Build.0 = Release|Any CPU
		{0953C50F-0762-4B74-8140-8F1AE3DFE2A8}.Debug|Any CPU.ActiveCfg = Debug|Any CPU
		{0953C50F-0762-4B74-8140-8F1AE3DFE2A8}.Debug|Any CPU.Build.0 = Debug|Any CPU
		{0953C50F-0762-4B74-8140-8F1AE3DFE2A8}.Release|Any CPU.ActiveCfg = Release|Any CPU
		{0953C50F-0762-4B74-8140-8F1AE3DFE2A8}.Release|Any CPU.Build.0 = Release|Any CPU
	EndGlobalSection
	GlobalSection(SolutionProperties) = preSolution
		HideSolutionNode = FALSE
	EndGlobalSection
	GlobalSection(ExtensibilityGlobals) = postSolution
		SolutionGuid = {154279A3-4C06-42AA-B350-2E84696AC9D4}
	EndGlobalSection
EndGlobal
