
Microsoft Visual Studio Solution File, Format Version 12.00
# Visual Studio Version 17
VisualStudioVersion = 17.8.34511.84
MinimumVisualStudioVersion = 10.0.40219.1
Project("{FAE04EC0-301F-11D3-BF4B-00C04F79EFBC}") = "CRUD", "CRUD.csproj", "{DEC31B17-125F-4FFB-92BE-C538D01B219A}"
EndProject
Global
	GlobalSection(SolutionConfigurationPlatforms) = preSolution
		Debug|Any CPU = Debug|Any CPU
		Release|Any CPU = Release|Any CPU
	EndGlobalSection
	GlobalSection(ProjectConfigurationPlatforms) = postSolution
		{DEC31B17-125F-4FFB-92BE-C538D01B219A}.Debug|Any CPU.ActiveCfg = Debug|Any CPU
		{DEC31B17-125F-4FFB-92BE-C538D01B219A}.Debug|Any CPU.Build.0 = Debug|Any CPU
		{DEC31B17-125F-4FFB-92BE-C538D01B219A}.Release|Any CPU.ActiveCfg = Release|Any CPU
		{DEC31B17-125F-4FFB-92BE-C538D01B219A}.Release|Any CPU.Build.0 = Release|Any CPU
	EndGlobalSection
	GlobalSection(SolutionProperties) = preSolution
		HideSolutionNode = FALSE
	EndGlobalSection
	GlobalSection(ExtensibilityGlobals) = postSolution
		SolutionGuid = {06CEE4DB-88B2-43FD-8583-81B53DA3C01B}
	EndGlobalSection
EndGlobal
